
Microsoft Visual Studio Solution File, Format Version 12.00
# Visual Studio Version 16
VisualStudioVersion = 16.0.32228.547
MinimumVisualStudioVersion = 10.0.40219.1
Project("{FAE04EC0-301F-11D3-BF4B-00C04F79EFBC}") = "ProntoSoccorsoBasic", "ProntoSoccorsoBasic\ProntoSoccorsoBasic.csproj", "{89718754-2161-4CEE-8FCE-08C4172D025B}"
EndProject
Global
	GlobalSection(SolutionConfigurationPlatforms) = preSolution
		Debug|Any CPU = Debug|Any CPU
		Release|Any CPU = Release|Any CPU
	EndGlobalSection
	GlobalSection(ProjectConfigurationPlatforms) = postSolution
		{89718754-2161-4CEE-8FCE-08C4172D025B}.Debug|Any CPU.ActiveCfg = Debug|Any CPU
		{89718754-2161-4CEE-8FCE-08C4172D025B}.Debug|Any CPU.Build.0 = Debug|Any CPU
		{89718754-2161-4CEE-8FCE-08C4172D025B}.Release|Any CPU.ActiveCfg = Release|Any CPU
		{89718754-2161-4CEE-8FCE-08C4172D025B}.Release|Any CPU.Build.0 = Release|Any CPU
	EndGlobalSection
	GlobalSection(SolutionProperties) = preSolution
		HideSolutionNode = FALSE
	EndGlobalSection
	GlobalSection(ExtensibilityGlobals) = postSolution
		SolutionGuid = {2AAE4EA5-3749-4D8B-A135-BC5F88C4E4F5}
	EndGlobalSection
EndGlobal
